<?xml version="1.0" encoding="utf-8"?>
<Project ToolsVersion="4.0" xmlns="http://schemas.microsoft.com/developer/msbuild/2003">
  <ItemGroup>
    <Filter Include="Source Files">
      <UniqueIdentifier>{4FC737F1-C7A5-4376-A066-2A32D752A2FF}</UniqueIdentifier>
      <Extensions>cpp;c;cc;cxx;def;odl;idl;hpj;bat;asm;asmx</Extensions>
    </Filter>
    <Filter Include="ParticleSystem">
      <UniqueIdentifier>{aca24d4c-7935-434e-ae01-e48c7fd55d00}</UniqueIdentifier>
    </Filter>
    <Filter Include="Experiment">
      <UniqueIdentifier>{241010c7-7bef-436c-9de3-f1844c66bc45}</UniqueIdentifier>
    </Filter>
    <Filter Include="Core">
      <UniqueIdentifier>{93995380-89BD-4b04-88EB-625FBE52EBFB}</UniqueIdentifier>
      <Extensions>h;hh;hpp;hxx;hm;inl;inc;ipp;xsd</Extensions>
    </Filter>
    <Filter Include="necessary">
      <UniqueIdentifier>{3200cf9e-b685-4ff2-8287-3c7f839a987a}</UniqueIdentifier>
    </Filter>
    <Filter Include="shader">
      <UniqueIdentifier>{72e15743-f7e5-4df4-b0d8-de819a018d7a}</UniqueIdentifier>
    </Filter>
  </ItemGroup>
  <ItemGroup>
    <ClCompile Include="main.cpp">
      <Filter>Source Files</Filter>
    </ClCompile>
    <ClCompile Include="Renderer.cpp">
      <Filter>Source Files</Filter>
    </ClCompile>
    <ClCompile Include="RenderObject.cpp">
      <Filter>Experiment</Filter>
    </ClCompile>
    <ClCompile Include="Shader.cpp">
      <Filter>Core</Filter>
    </ClCompile>
    <ClCompile Include="Mesh.cpp">
      <Filter>Core</Filter>
    </ClCompile>
    <ClCompile Include="Transform.cpp">
      <Filter>Core</Filter>
    </ClCompile>
    <ClCompile Include="Camera.cpp">
      <Filter>necessary</Filter>
    </ClCompile>
    <ClCompile Include="Particle.cpp">
      <Filter>ParticleSystem</Filter>
    </ClCompile>
    <ClCompile Include="ParticleSystemBase.cpp">
      <Filter>ParticleSystem</Filter>
    </ClCompile>
    <ClCompile Include="Texture.cpp">
      <Filter>Core</Filter>
    </ClCompile>
    <ClCompile Include="ParticleMaster.cpp">
      <Filter>ParticleSystem</Filter>
    </ClCompile>
    <ClCompile Include="Rain.cpp">
      <Filter>ParticleSystem</Filter>
    </ClCompile>
  </ItemGroup>
  <ItemGroup>
    <ClInclude Include="Mesh.h">
      <Filter>Core</Filter>
    </ClInclude>
    <ClInclude Include="MeshSource.h">
      <Filter>Core</Filter>
    </ClInclude>
    <ClInclude Include="Shader.h">
      <Filter>Core</Filter>
    </ClInclude>
    <ClInclude Include="RenderObject.h">
      <Filter>Experiment</Filter>
    </ClInclude>
    <ClInclude Include="Renderer.h">
      <Filter>Source Files</Filter>
    </ClInclude>
    <ClInclude Include="learningNotes.h">
      <Filter>Core</Filter>
    </ClInclude>
    <ClInclude Include="Transform.h">
      <Filter>Core</Filter>
    </ClInclude>
    <ClInclude Include="Camera.h">
      <Filter>necessary</Filter>
    </ClInclude>
    <ClInclude Include="Particle.h">
      <Filter>ParticleSystem</Filter>
    </ClInclude>
    <ClInclude Include="ParticleSystemBase.h">
      <Filter>ParticleSystem</Filter>
    </ClInclude>
    <ClInclude Include="Texture.h">
      <Filter>Core</Filter>
    </ClInclude>
    <ClInclude Include="ParticleMaster.h">
      <Filter>ParticleSystem</Filter>
    </ClInclude>
    <ClInclude Include="Rain.h">
      <Filter>ParticleSystem</Filter>
    </ClInclude>
  </ItemGroup>
  <ItemGroup>
    <None Include="shader\BasicColorFShader.glsl">
      <Filter>shader</Filter>
    </None>
    <None Include="shader\LearningVShader.glsl">
      <Filter>shader</Filter>
    </None>
    <None Include="shader\TriangleFShader.glsl">
      <Filter>shader</Filter>
    </None>
    <None Include="shader\TriangleVShader.glsl">
      <Filter>shader</Filter>
    </None>
    <None Include="shader\ParticleBaseFShader.glsl">
      <Filter>shader</Filter>
    </None>
    <None Include="shader\ParticleBaseVShader.glsl">
      <Filter>shader</Filter>
    </None>
  </ItemGroup>
</Project>